# Generated by buf. DO NOT EDIT.
version: v2
deps:
  - name: buf.build/gnostic/gnostic
    commit: 087bc8072ce44e339f213209e4d57bf0
    digest: b5:c4eebcd04bc2fdd5dd0b8d695eb419682a650b600cdb56ff2ed61208a24603e0eb1b8ae0d467925c69a24bde6d322f3c4112bd2b8efdd682d8c3128384cdac9a
  - name: buf.build/googleapis/googleapis
    commit: 7e6f6e774e29406da95bd61cdcdbc8bc
    digest: b5:654225f30f2351e6515417825836cb4bd5df3d952f6086e406957f80e03c8ee00c67739b836b87e06f2ff90a6f44675ad175e47ea5aef29ee909b91a29bdd334
